<?xml version="1.0" encoding="utf-8"?>
<Project ToolsVersion="4.0" xmlns="http://schemas.microsoft.com/developer/msbuild/2003">
  <ItemGroup>
    <Filter Include="Arquivos de Origem">
      <UniqueIdentifier>{4FC737F1-C7A5-4376-A066-2A32D752A2FF}</UniqueIdentifier>
      <Extensions>cpp;c;cc;cxx;c++;cppm;ixx;def;odl;idl;hpj;bat;asm;asmx</Extensions>
    </Filter>
    <Filter Include="Arquivos de Cabeçalho">
      <UniqueIdentifier>{93995380-89BD-4b04-88EB-625FBE52EBFB}</UniqueIdentifier>
      <Extensions>h;hh;hpp;hxx;h++;hm;inl;inc;ipp;xsd</Extensions>
    </Filter>
    <Filter Include="Arquivos de Recurso">
      <UniqueIdentifier>{67DA6AB6-F800-4c08-8B7A-83BB121AAD01}</UniqueIdentifier>
      <Extensions>rc;ico;cur;bmp;dlg;rc2;rct;bin;rgs;gif;jpg;jpeg;jpe;resx;tiff;tif;png;wav;mfcribbon-ms</Extensions>
    </Filter>
    <Filter Include="Hook">
      <UniqueIdentifier>{51122202-aa83-4898-bb0c-a25f19df2990}</UniqueIdentifier>
    </Filter>
    <Filter Include="Mem">
      <UniqueIdentifier>{0007f953-6b80-471d-b5c5-19855561e917}</UniqueIdentifier>
    </Filter>
    <Filter Include="Offsets">
      <UniqueIdentifier>{e1dcd1a1-2c3f-4f67-87e2-229f67ac032f}</UniqueIdentifier>
    </Filter>
    <Filter Include="Init">
      <UniqueIdentifier>{7fab2458-3127-483c-85d2-ebc9a83c7a11}</UniqueIdentifier>
    </Filter>
    <Filter Include="Hack">
      <UniqueIdentifier>{0a900004-b278-460e-b2f7-7131226a86f5}</UniqueIdentifier>
    </Filter>
    <Filter Include="Config">
      <UniqueIdentifier>{9d74e6fd-70ba-44f1-9de3-989e0a475fd8}</UniqueIdentifier>
    </Filter>
  </ItemGroup>
  <ItemGroup>
    <ClInclude Include="framework.h">
      <Filter>Arquivos de Cabeçalho</Filter>
    </ClInclude>
    <ClInclude Include="pch.h">
      <Filter>Arquivos de Cabeçalho</Filter>
    </ClInclude>
    <ClInclude Include="hook.h">
      <Filter>Hook</Filter>
    </ClInclude>
    <ClInclude Include="mem.h">
      <Filter>Mem</Filter>
    </ClInclude>
    <ClInclude Include="offsets.h">
      <Filter>Offsets</Filter>
    </ClInclude>
    <ClInclude Include="init.h">
      <Filter>Init</Filter>
    </ClInclude>
    <ClInclude Include="hack.h">
      <Filter>Hack</Filter>
    </ClInclude>
    <ClInclude Include="config.h">
      <Filter>Config</Filter>
    </ClInclude>
  </ItemGroup>
  <ItemGroup>
    <ClCompile Include="dllmain.cpp">
      <Filter>Arquivos de Origem</Filter>
    </ClCompile>
    <ClCompile Include="pch.cpp">
      <Filter>Arquivos de Origem</Filter>
    </ClCompile>
    <ClCompile Include="hook.cpp">
      <Filter>Hook</Filter>
    </ClCompile>
    <ClCompile Include="mem.cpp">
      <Filter>Mem</Filter>
    </ClCompile>
    <ClCompile Include="offsets.cpp">
      <Filter>Offsets</Filter>
    </ClCompile>
    <ClCompile Include="init.cpp">
      <Filter>Init</Filter>
    </ClCompile>
    <ClCompile Include="hack.cpp">
      <Filter>Hack</Filter>
    </ClCompile>
    <ClCompile Include="config.cpp">
      <Filter>Config</Filter>
    </ClCompile>
  </ItemGroup>
</Project>